
Microsoft Visual Studio Solution File, Format Version 12.00
# Visual Studio Version 16
VisualStudioVersion = 16.0.29911.84
MinimumVisualStudioVersion = 10.0.40219.1
Project("{9A19103F-16F7-4668-BE54-9A1E7A4F7556}") = "SchoolWebApi", "SchoolWebApi\SchoolWebApi.csproj", "{0A861667-8F7E-4863-ADC2-95E6E63E6931}"
EndProject
Project("{9A19103F-16F7-4668-BE54-9A1E7A4F7556}") = "DataModels", "DataModels\DataModels.csproj", "{2A88C13B-291C-48AA-BD52-53A81112A5F7}"
EndProject
Project("{FAE04EC0-301F-11D3-BF4B-00C04F79EFBC}") = "DataServices", "DataServices\DataServices.csproj", "{4E53B3B0-A397-4409-9043-7B4CF280E9B2}"
EndProject
Global
	GlobalSection(SolutionConfigurationPlatforms) = preSolution
		Debug|Any CPU = Debug|Any CPU
		Release|Any CPU = Release|Any CPU
	EndGlobalSection
	GlobalSection(ProjectConfigurationPlatforms) = postSolution
		{0A861667-8F7E-4863-ADC2-95E6E63E6931}.Debug|Any CPU.ActiveCfg = Debug|Any CPU
		{0A861667-8F7E-4863-ADC2-95E6E63E6931}.Debug|Any CPU.Build.0 = Debug|Any CPU
		{0A861667-8F7E-4863-ADC2-95E6E63E6931}.Release|Any CPU.ActiveCfg = Release|Any CPU
		{0A861667-8F7E-4863-ADC2-95E6E63E6931}.Release|Any CPU.Build.0 = Release|Any CPU
		{2A88C13B-291C-48AA-BD52-53A81112A5F7}.Debug|Any CPU.ActiveCfg = Debug|Any CPU
		{2A88C13B-291C-48AA-BD52-53A81112A5F7}.Debug|Any CPU.Build.0 = Debug|Any CPU
		{2A88C13B-291C-48AA-BD52-53A81112A5F7}.Release|Any CPU.ActiveCfg = Release|Any CPU
		{2A88C13B-291C-48AA-BD52-53A81112A5F7}.Release|Any CPU.Build.0 = Release|Any CPU
		{4E53B3B0-A397-4409-9043-7B4CF280E9B2}.Debug|Any CPU.ActiveCfg = Debug|Any CPU
		{4E53B3B0-A397-4409-9043-7B4CF280E9B2}.Debug|Any CPU.Build.0 = Debug|Any CPU
		{4E53B3B0-A397-4409-9043-7B4CF280E9B2}.Release|Any CPU.ActiveCfg = Release|Any CPU
		{4E53B3B0-A397-4409-9043-7B4CF280E9B2}.Release|Any CPU.Build.0 = Release|Any CPU
	EndGlobalSection
	GlobalSection(SolutionProperties) = preSolution
		HideSolutionNode = FALSE
	EndGlobalSection
	GlobalSection(ExtensibilityGlobals) = postSolution
		SolutionGuid = {F4E2630B-6062-4029-90F4-9B5589E69EA8}
	EndGlobalSection
EndGlobal
